{
    "name": "nodecaf",
    "version": "0.12.4",
    "lockfileVersion": 2,
    "requires": true,
    "packages": {
        "": {
            "name": "nodecaf",
            "version": "0.12.4",
            "license": "MIT",
            "dependencies": {
                "confort": "^0.2.0",
                "content-type": "^1.0.4",
                "cookie": "^0.4.1",
                "cookie-signature": "^1.1.0",
                "cors": "^2.8.5",
                "golog": "^0.5.0"
            },
            "devDependencies": {
                "muhb": "^3.0.6",
                "toml": "^3.0.0"
            }
        },
        "node_modules/confort": {
            "version": "0.2.0",
            "resolved": "https://registry.npmjs.org/confort/-/confort-0.2.0.tgz",
            "integrity": "sha512-tvSgu+n2/jayVgYDGmXKgVQt0QUg87H9ZdrhI8X39L9C/+KfZgoF4UEdUwHS+1qL8XRFVl9rgDkJDo6vMEsN+w=="
        },
        "node_modules/content-type": {
            "version": "1.0.4",
            "resolved": "https://registry.npmjs.org/content-type/-/content-type-1.0.4.tgz",
            "integrity": "sha512-hIP3EEPs8tB9AT1L+NUqtwOAps4mk2Zob89MWXMHjHWg9milF/j4osnnQLXBCBFBk/tvIG/tUc9mOUJiPBhPXA==",
            "engines": {
                "node": ">= 0.6"
            }
        },
        "node_modules/cookie": {
            "version": "0.4.2",
            "resolved": "https://registry.npmjs.org/cookie/-/cookie-0.4.2.tgz",
            "integrity": "sha512-aSWTXFzaKWkvHO1Ny/s+ePFpvKsPnjc551iI41v3ny/ow6tBG5Vd+FuqGNhh1LxOmVzOlGUriIlOaokOvhaStA==",
            "engines": {
                "node": ">= 0.6"
            }
        },
        "node_modules/cookie-signature": {
            "version": "1.2.0",
            "resolved": "https://registry.npmjs.org/cookie-signature/-/cookie-signature-1.2.0.tgz",
            "integrity": "sha512-R0BOPfLGTitaKhgKROKZQN6iyq2iDQcH1DOF8nJoaWapguX5bC2w+Q/I9NmmM5lfcvEarnLZr+cCvmEYYSXvYA==",
            "engines": {
                "node": ">=6.6.0"
            }
        },
        "node_modules/cors": {
            "version": "2.8.5",
            "resolved": "https://registry.npmjs.org/cors/-/cors-2.8.5.tgz",
            "integrity": "sha512-KIHbLJqu73RGr/hnbrO9uBeixNGuvSQjul/jdFvS/KFSIH1hWVd1ng7zOHx+YrEfInLG7q4n6GHQ9cDtxv/P6g==",
            "dependencies": {
                "object-assign": "^4",
                "vary": "^1"
            },
            "engines": {
                "node": ">= 0.10"
            }
        },
        "node_modules/golog": {
            "version": "0.5.0",
            "resolved": "https://registry.npmjs.org/golog/-/golog-0.5.0.tgz",
            "integrity": "sha512-nrq8wZ1nFYD2Opjp9Oc9GgA0xV4OGXFFAfoV5tuDW+VHdQ58FjsBTYllleUpbjOBnV16hetI3uYrYMgi4Exsmg=="
        },
        "node_modules/muhb": {
            "version": "3.0.6",
            "resolved": "https://registry.npmjs.org/muhb/-/muhb-3.0.6.tgz",
            "integrity": "sha512-C1MHE2m5VCmgUpf20fcE5Pz19nQvXQTSG37LXZVrYRVrMwAylyJ0aoOiTZ5IjIrnDeeNk6zKa9xW0qhjroLpLg==",
            "dev": true
        },
        "node_modules/object-assign": {
            "version": "4.1.1",
            "resolved": "https://registry.npmjs.org/object-assign/-/object-assign-4.1.1.tgz",
            "integrity": "sha1-IQmtx5ZYh8/AXLvUQsrIv7s2CGM=",
            "engines": {
                "node": ">=0.10.0"
            }
        },
        "node_modules/toml": {
            "version": "3.0.0",
            "resolved": "https://registry.npmjs.org/toml/-/toml-3.0.0.tgz",
            "integrity": "sha512-y/mWCZinnvxjTKYhJ+pYxwD0mRLVvOtdS2Awbgxln6iEnt4rk0yBxeSBHkGJcPucRiG0e55mwWp+g/05rsrd6w==",
            "dev": true
        },
        "node_modules/vary": {
            "version": "1.1.2",
            "resolved": "https://registry.npmjs.org/vary/-/vary-1.1.2.tgz",
            "integrity": "sha1-IpnwLG3tMNSllhsLn3RSShj2NPw=",
            "engines": {
                "node": ">= 0.8"
            }
        }
    },
    "dependencies": {
        "confort": {
            "version": "0.2.0",
            "resolved": "https://registry.npmjs.org/confort/-/confort-0.2.0.tgz",
            "integrity": "sha512-tvSgu+n2/jayVgYDGmXKgVQt0QUg87H9ZdrhI8X39L9C/+KfZgoF4UEdUwHS+1qL8XRFVl9rgDkJDo6vMEsN+w=="
        },
        "content-type": {
            "version": "1.0.4",
            "resolved": "https://registry.npmjs.org/content-type/-/content-type-1.0.4.tgz",
            "integrity": "sha512-hIP3EEPs8tB9AT1L+NUqtwOAps4mk2Zob89MWXMHjHWg9milF/j4osnnQLXBCBFBk/tvIG/tUc9mOUJiPBhPXA=="
        },
        "cookie": {
            "version": "0.4.2",
            "resolved": "https://registry.npmjs.org/cookie/-/cookie-0.4.2.tgz",
            "integrity": "sha512-aSWTXFzaKWkvHO1Ny/s+ePFpvKsPnjc551iI41v3ny/ow6tBG5Vd+FuqGNhh1LxOmVzOlGUriIlOaokOvhaStA=="
        },
        "cookie-signature": {
            "version": "1.2.0",
            "resolved": "https://registry.npmjs.org/cookie-signature/-/cookie-signature-1.2.0.tgz",
            "integrity": "sha512-R0BOPfLGTitaKhgKROKZQN6iyq2iDQcH1DOF8nJoaWapguX5bC2w+Q/I9NmmM5lfcvEarnLZr+cCvmEYYSXvYA=="
        },
        "cors": {
            "version": "2.8.5",
            "resolved": "https://registry.npmjs.org/cors/-/cors-2.8.5.tgz",
            "integrity": "sha512-KIHbLJqu73RGr/hnbrO9uBeixNGuvSQjul/jdFvS/KFSIH1hWVd1ng7zOHx+YrEfInLG7q4n6GHQ9cDtxv/P6g==",
            "requires": {
                "object-assign": "^4",
                "vary": "^1"
            }
        },
        "golog": {
            "version": "0.5.0",
            "resolved": "https://registry.npmjs.org/golog/-/golog-0.5.0.tgz",
            "integrity": "sha512-nrq8wZ1nFYD2Opjp9Oc9GgA0xV4OGXFFAfoV5tuDW+VHdQ58FjsBTYllleUpbjOBnV16hetI3uYrYMgi4Exsmg=="
        },
        "muhb": {
            "version": "3.0.6",
            "resolved": "https://registry.npmjs.org/muhb/-/muhb-3.0.6.tgz",
            "integrity": "sha512-C1MHE2m5VCmgUpf20fcE5Pz19nQvXQTSG37LXZVrYRVrMwAylyJ0aoOiTZ5IjIrnDeeNk6zKa9xW0qhjroLpLg==",
            "dev": true
        },
        "object-assign": {
            "version": "4.1.1",
            "resolved": "https://registry.npmjs.org/object-assign/-/object-assign-4.1.1.tgz",
            "integrity": "sha1-IQmtx5ZYh8/AXLvUQsrIv7s2CGM="
        },
        "toml": {
            "version": "3.0.0",
            "resolved": "https://registry.npmjs.org/toml/-/toml-3.0.0.tgz",
            "integrity": "sha512-y/mWCZinnvxjTKYhJ+pYxwD0mRLVvOtdS2Awbgxln6iEnt4rk0yBxeSBHkGJcPucRiG0e55mwWp+g/05rsrd6w==",
            "dev": true
        },
        "vary": {
            "version": "1.1.2",
            "resolved": "https://registry.npmjs.org/vary/-/vary-1.1.2.tgz",
            "integrity": "sha1-IpnwLG3tMNSllhsLn3RSShj2NPw="
        }
    }
}
